{
  "requires": true,
  "lockfileVersion": 1,
  "dependencies": {
    "ngrx-store-logger": {
      "version": "0.2.4",
      "resolved": "https://registry.npmjs.org/ngrx-store-logger/-/ngrx-store-logger-0.2.4.tgz",
      "integrity": "sha512-caF0xmjCBApn3u6LWLcXJ3Bsfl106C84cdUsK2+aIJ/s5qg0Gk4Wlq8hKBK5vJafTqJMu9Q1t77WfSHFoNZe7Q=="
    }
  }
}
